
Microsoft Visual Studio Solution File, Format Version 12.00
# Visual Studio Version 16
VisualStudioVersion = 16.0.30320.27
MinimumVisualStudioVersion = 10.0.40219.1
Project("{FAE04EC0-301F-11D3-BF4B-00C04F79EFBC}") = "WindowsFormsApp1", "WindowsFormsApp1\WindowsFormsApp1.csproj", "{322A5F91-DC1D-460D-9B28-1DE399D05F40}"
EndProject
Global
	GlobalSection(SolutionConfigurationPlatforms) = preSolution
		Debug|Any CPU = Debug|Any CPU
		Release|Any CPU = Release|Any CPU
	EndGlobalSection
	GlobalSection(ProjectConfigurationPlatforms) = postSolution
		{322A5F91-DC1D-460D-9B28-1DE399D05F40}.Debug|Any CPU.ActiveCfg = Debug|Any CPU
		{322A5F91-DC1D-460D-9B28-1DE399D05F40}.Debug|Any CPU.Build.0 = Debug|Any CPU
		{322A5F91-DC1D-460D-9B28-1DE399D05F40}.Release|Any CPU.ActiveCfg = Release|Any CPU
		{322A5F91-DC1D-460D-9B28-1DE399D05F40}.Release|Any CPU.Build.0 = Release|Any CPU
	EndGlobalSection
	GlobalSection(SolutionProperties) = preSolution
		HideSolutionNode = FALSE
	EndGlobalSection
	GlobalSection(ExtensibilityGlobals) = postSolution
		SolutionGuid = {6F608DB2-B03E-462E-B63C-57B73BB64F1D}
	EndGlobalSection
EndGlobal
